
Microsoft Visual Studio Solution File, Format Version 12.00
# Visual Studio 15
VisualStudioVersion = 15.0.27130.2024
MinimumVisualStudioVersion = 10.0.40219.1
Project("{9A19103F-16F7-4668-BE54-9A1E7A4F7556}") = "SeleniumUtils", "SeleniumUtils\SeleniumUtils.csproj", "{6108B446-FB86-42FD-8EF4-B9486C0AA3D6}"
EndProject
Global
	GlobalSection(SolutionConfigurationPlatforms) = preSolution
		Debug|Any CPU = Debug|Any CPU
		Release|Any CPU = Release|Any CPU
	EndGlobalSection
	GlobalSection(ProjectConfigurationPlatforms) = postSolution
		{6108B446-FB86-42FD-8EF4-B9486C0AA3D6}.Debug|Any CPU.ActiveCfg = Debug|Any CPU
		{6108B446-FB86-42FD-8EF4-B9486C0AA3D6}.Debug|Any CPU.Build.0 = Debug|Any CPU
		{6108B446-FB86-42FD-8EF4-B9486C0AA3D6}.Release|Any CPU.ActiveCfg = Release|Any CPU
		{6108B446-FB86-42FD-8EF4-B9486C0AA3D6}.Release|Any CPU.Build.0 = Release|Any CPU
	EndGlobalSection
	GlobalSection(SolutionProperties) = preSolution
		HideSolutionNode = FALSE
	EndGlobalSection
	GlobalSection(ExtensibilityGlobals) = postSolution
		SolutionGuid = {B06D1B39-9088-43D0-9EA9-3C5221570E40}
	EndGlobalSection
EndGlobal
